
Microsoft Visual Studio Solution File, Format Version 12.00
# Visual Studio Version 17
VisualStudioVersion = 17.7.34024.191
MinimumVisualStudioVersion = 10.0.40219.1
Project("{FAE04EC0-301F-11D3-BF4B-00C04F79EFBC}") = "HotelReservation.web", "HotelReservation.web\HotelReservation.web.csproj", "{90005726-30B2-43AA-BAEC-5E9DDB6111EC}"
EndProject
Global
	GlobalSection(SolutionConfigurationPlatforms) = preSolution
		Debug|Any CPU = Debug|Any CPU
		Release|Any CPU = Release|Any CPU
	EndGlobalSection
	GlobalSection(ProjectConfigurationPlatforms) = postSolution
		{90005726-30B2-43AA-BAEC-5E9DDB6111EC}.Debug|Any CPU.ActiveCfg = Debug|Any CPU
		{90005726-30B2-43AA-BAEC-5E9DDB6111EC}.Debug|Any CPU.Build.0 = Debug|Any CPU
		{90005726-30B2-43AA-BAEC-5E9DDB6111EC}.Release|Any CPU.ActiveCfg = Release|Any CPU
		{90005726-30B2-43AA-BAEC-5E9DDB6111EC}.Release|Any CPU.Build.0 = Release|Any CPU
	EndGlobalSection
	GlobalSection(SolutionProperties) = preSolution
		HideSolutionNode = FALSE
	EndGlobalSection
	GlobalSection(ExtensibilityGlobals) = postSolution
		SolutionGuid = {E9DA4979-89EB-45A6-836A-E134EB542518}
	EndGlobalSection
EndGlobal
